// !$*UTF8*$!
{
	archiveVersion = 1;
	classes = {
	};
	objectVersion = 56;
	objects = {

/* Begin PBXBuildFile section */
		EE5E64282C56746E0017912A /* combineSwiftUIApp.swift in Sources */ = {isa = PBXBuildFile; fileRef = EE5E64272C56746E0017912A /* combineSwiftUIApp.swift */; };
		EE5E642A2C56746E0017912A /* ContentView.swift in Sources */ = {isa = PBXBuildFile; fileRef = EE5E64292C56746E0017912A /* ContentView.swift */; };
		EE5E642C2C5674700017912A /* Assets.xcassets in Resources */ = {isa = PBXBuildFile; fileRef = EE5E642B2C5674700017912A /* Assets.xcassets */; };
		EE5E64302C5674700017912A /* Preview Assets.xcassets in Resources */ = {isa = PBXBuildFile; fileRef = EE5E642F2C5674700017912A /* Preview Assets.xcassets */; };
		EE5E643A2C5674700017912A /* combineSwiftUITests.swift in Sources */ = {isa = PBXBuildFile; fileRef = EE5E64392C5674700017912A /* combineSwiftUITests.swift */; };
		EE5E64442C5674700017912A /* combineSwiftUIUITests.swift in Sources */ = {isa = PBXBuildFile; fileRef = EE5E64432C5674700017912A /* combineSwiftUIUITests.swift */; };
		EE5E64462C5674700017912A /* combineSwiftUIUITestsLaunchTests.swift in Sources */ = {isa = PBXBuildFile; fileRef = EE5E64452C5674700017912A /* combineSwiftUIUITestsLaunchTests.swift */; };
		EE5E64542C5674E40017912A /* Prepend.swift in Sources */ = {isa = PBXBuildFile; fileRef = EE5E64532C5674E40017912A /* Prepend.swift */; };
		EE5E64562C5676630017912A /* ReplaceNil.swift in Sources */ = {isa = PBXBuildFile; fileRef = EE5E64552C5676630017912A /* ReplaceNil.swift */; };
		EE5E64582C5677650017912A /* SwitchToLatest.swift in Sources */ = {isa = PBXBuildFile; fileRef = EE5E64572C5677650017912A /* SwitchToLatest.swift */; };
		EE5E645A2C5685970017912A /* MergeWith.swift in Sources */ = {isa = PBXBuildFile; fileRef = EE5E64592C5685970017912A /* MergeWith.swift */; };
		EE5E645C2C5686380017912A /* CombineLatest.swift in Sources */ = {isa = PBXBuildFile; fileRef = EE5E645B2C5686380017912A /* CombineLatest.swift */; };
		EE5E645E2C5687280017912A /* Zip.swift in Sources */ = {isa = PBXBuildFile; fileRef = EE5E645D2C5687280017912A /* Zip.swift */; };
		EE5E64602C5687FA0017912A /* Map.swift in Sources */ = {isa = PBXBuildFile; fileRef = EE5E645F2C5687FA0017912A /* Map.swift */; };
		EE5E64622C56887B0017912A /* Collect.swift in Sources */ = {isa = PBXBuildFile; fileRef = EE5E64612C56887B0017912A /* Collect.swift */; };
		EE5E64642C56893C0017912A /* Reduce.swift in Sources */ = {isa = PBXBuildFile; fileRef = EE5E64632C56893C0017912A /* Reduce.swift */; };
		EE5E64662C568A700017912A /* Debounce.swift in Sources */ = {isa = PBXBuildFile; fileRef = EE5E64652C568A700017912A /* Debounce.swift */; };
		EE5E64682C568B570017912A /* Throttle.swift in Sources */ = {isa = PBXBuildFile; fileRef = EE5E64672C568B570017912A /* Throttle.swift */; };
		EE5E646A2C5697220017912A /* Scan.swift in Sources */ = {isa = PBXBuildFile; fileRef = EE5E64692C5697220017912A /* Scan.swift */; };
		EE5E646C2C569CDD0017912A /* Filter.swift in Sources */ = {isa = PBXBuildFile; fileRef = EE5E646B2C569CDD0017912A /* Filter.swift */; };
		EE5E646E2C569EBB0017912A /* RemoveDuplicates.swift in Sources */ = {isa = PBXBuildFile; fileRef = EE5E646D2C569EBB0017912A /* RemoveDuplicates.swift */; };
		EE5E64702C569F610017912A /* CompactMap.swift in Sources */ = {isa = PBXBuildFile; fileRef = EE5E646F2C569F610017912A /* CompactMap.swift */; };
		EE5E64722C56A3400017912A /* IgnoreOutput.swift in Sources */ = {isa = PBXBuildFile; fileRef = EE5E64712C56A3400017912A /* IgnoreOutput.swift */; };
		EE5E64742C56A3E20017912A /* Sequences.swift in Sources */ = {isa = PBXBuildFile; fileRef = EE5E64732C56A3E20017912A /* Sequences.swift */; };
/* End PBXBuildFile section */

/* Begin PBXContainerItemProxy section */
		EE5E64362C5674700017912A /* PBXContainerItemProxy */ = {
			isa = PBXContainerItemProxy;
			containerPortal = EE5E641C2C56746E0017912A /* Project object */;
			proxyType = 1;
			remoteGlobalIDString = EE5E64232C56746E0017912A;
			remoteInfo = combineSwiftUI;
		};
		EE5E64402C5674700017912A /* PBXContainerItemProxy */ = {
			isa = PBXContainerItemProxy;
			containerPortal = EE5E641C2C56746E0017912A /* Project object */;
			proxyType = 1;
			remoteGlobalIDString = EE5E64232C56746E0017912A;
			remoteInfo = combineSwiftUI;
		};
/* End PBXContainerItemProxy section */

/* Begin PBXFileReference section */
		EE5E64242C56746E0017912A /* combineSwiftUI.app */ = {isa = PBXFileReference; explicitFileType = wrapper.application; includeInIndex = 0; path = combineSwiftUI.app; sourceTree = BUILT_PRODUCTS_DIR; };
		EE5E64272C56746E0017912A /* combineSwiftUIApp.swift */ = {isa = PBXFileReference; lastKnownFileType = sourcecode.swift; path = combineSwiftUIApp.swift; sourceTree = "<group>"; };
		EE5E64292C56746E0017912A /* ContentView.swift */ = {isa = PBXFileReference; lastKnownFileType = sourcecode.swift; path = ContentView.swift; sourceTree = "<group>"; };
		EE5E642B2C5674700017912A /* Assets.xcassets */ = {isa = PBXFileReference; lastKnownFileType = folder.assetcatalog; path = Assets.xcassets; sourceTree = "<group>"; };
		EE5E642D2C5674700017912A /* combineSwiftUI.entitlements */ = {isa = PBXFileReference; lastKnownFileType = text.plist.entitlements; path = combineSwiftUI.entitlements; sourceTree = "<group>"; };
		EE5E642F2C5674700017912A /* Preview Assets.xcassets */ = {isa = PBXFileReference; lastKnownFileType = folder.assetcatalog; path = "Preview Assets.xcassets"; sourceTree = "<group>"; };
		EE5E64352C5674700017912A /* combineSwiftUITests.xctest */ = {isa = PBXFileReference; explicitFileType = wrapper.cfbundle; includeInIndex = 0; path = combineSwiftUITests.xctest; sourceTree = BUILT_PRODUCTS_DIR; };
		EE5E64392C5674700017912A /* combineSwiftUITests.swift */ = {isa = PBXFileReference; lastKnownFileType = sourcecode.swift; path = combineSwiftUITests.swift; sourceTree = "<group>"; };
		EE5E643F2C5674700017912A /* combineSwiftUIUITests.xctest */ = {isa = PBXFileReference; explicitFileType = wrapper.cfbundle; includeInIndex = 0; path = combineSwiftUIUITests.xctest; sourceTree = BUILT_PRODUCTS_DIR; };
		EE5E64432C5674700017912A /* combineSwiftUIUITests.swift */ = {isa = PBXFileReference; lastKnownFileType = sourcecode.swift; path = combineSwiftUIUITests.swift; sourceTree = "<group>"; };
		EE5E64452C5674700017912A /* combineSwiftUIUITestsLaunchTests.swift */ = {isa = PBXFileReference; lastKnownFileType = sourcecode.swift; path = combineSwiftUIUITestsLaunchTests.swift; sourceTree = "<group>"; };
		EE5E64532C5674E40017912A /* Prepend.swift */ = {isa = PBXFileReference; lastKnownFileType = sourcecode.swift; path = Prepend.swift; sourceTree = "<group>"; };
		EE5E64552C5676630017912A /* ReplaceNil.swift */ = {isa = PBXFileReference; lastKnownFileType = sourcecode.swift; path = ReplaceNil.swift; sourceTree = "<group>"; };
		EE5E64572C5677650017912A /* SwitchToLatest.swift */ = {isa = PBXFileReference; lastKnownFileType = sourcecode.swift; path = SwitchToLatest.swift; sourceTree = "<group>"; };
		EE5E64592C5685970017912A /* MergeWith.swift */ = {isa = PBXFileReference; lastKnownFileType = sourcecode.swift; path = MergeWith.swift; sourceTree = "<group>"; };
		EE5E645B2C5686380017912A /* CombineLatest.swift */ = {isa = PBXFileReference; lastKnownFileType = sourcecode.swift; path = CombineLatest.swift; sourceTree = "<group>"; };
		EE5E645D2C5687280017912A /* Zip.swift */ = {isa = PBXFileReference; lastKnownFileType = sourcecode.swift; path = Zip.swift; sourceTree = "<group>"; };
		EE5E645F2C5687FA0017912A /* Map.swift */ = {isa = PBXFileReference; lastKnownFileType = sourcecode.swift; path = Map.swift; sourceTree = "<group>"; };
		EE5E64612C56887B0017912A /* Collect.swift */ = {isa = PBXFileReference; lastKnownFileType = sourcecode.swift; path = Collect.swift; sourceTree = "<group>"; };
		EE5E64632C56893C0017912A /* Reduce.swift */ = {isa = PBXFileReference; lastKnownFileType = sourcecode.swift; path = Reduce.swift; sourceTree = "<group>"; };
		EE5E64652C568A700017912A /* Debounce.swift */ = {isa = PBXFileReference; lastKnownFileType = sourcecode.swift; path = Debounce.swift; sourceTree = "<group>"; };
		EE5E64672C568B570017912A /* Throttle.swift */ = {isa = PBXFileReference; lastKnownFileType = sourcecode.swift; path = Throttle.swift; sourceTree = "<group>"; };
		EE5E64692C5697220017912A /* Scan.swift */ = {isa = PBXFileReference; lastKnownFileType = sourcecode.swift; path = Scan.swift; sourceTree = "<group>"; };
		EE5E646B2C569CDD0017912A /* Filter.swift */ = {isa = PBXFileReference; lastKnownFileType = sourcecode.swift; path = Filter.swift; sourceTree = "<group>"; };
		EE5E646D2C569EBB0017912A /* RemoveDuplicates.swift */ = {isa = PBXFileReference; lastKnownFileType = sourcecode.swift; path = RemoveDuplicates.swift; sourceTree = "<group>"; };
		EE5E646F2C569F610017912A /* CompactMap.swift */ = {isa = PBXFileReference; lastKnownFileType = sourcecode.swift; path = CompactMap.swift; sourceTree = "<group>"; };
		EE5E64712C56A3400017912A /* IgnoreOutput.swift */ = {isa = PBXFileReference; lastKnownFileType = sourcecode.swift; path = IgnoreOutput.swift; sourceTree = "<group>"; };
		EE5E64732C56A3E20017912A /* Sequences.swift */ = {isa = PBXFileReference; lastKnownFileType = sourcecode.swift; path = Sequences.swift; sourceTree = "<group>"; };
/* End PBXFileReference section */

/* Begin PBXFrameworksBuildPhase section */
		EE5E64212C56746E0017912A /* Frameworks */ = {
			isa = PBXFrameworksBuildPhase;
			buildActionMask = 2147483647;
			files = (
			);
			runOnlyForDeploymentPostprocessing = 0;
		};
		EE5E64322C5674700017912A /* Frameworks */ = {
			isa = PBXFrameworksBuildPhase;
			buildActionMask = 2147483647;
			files = (
			);
			runOnlyForDeploymentPostprocessing = 0;
		};
		EE5E643C2C5674700017912A /* Frameworks */ = {
			isa = PBXFrameworksBuildPhase;
			buildActionMask = 2147483647;
			files = (
			);
			runOnlyForDeploymentPostprocessing = 0;
		};
/* End PBXFrameworksBuildPhase section */

/* Begin PBXGroup section */
		EE5E641B2C56746E0017912A = {
			isa = PBXGroup;
			children = (
				EE5E64262C56746E0017912A /* combineSwiftUI */,
				EE5E64382C5674700017912A /* combineSwiftUITests */,
				EE5E64422C5674700017912A /* combineSwiftUIUITests */,
				EE5E64252C56746E0017912A /* Products */,
			);
			sourceTree = "<group>";
		};
		EE5E64252C56746E0017912A /* Products */ = {
			isa = PBXGroup;
			children = (
				EE5E64242C56746E0017912A /* combineSwiftUI.app */,
				EE5E64352C5674700017912A /* combineSwiftUITests.xctest */,
				EE5E643F2C5674700017912A /* combineSwiftUIUITests.xctest */,
			);
			name = Products;
			sourceTree = "<group>";
		};
		EE5E64262C56746E0017912A /* combineSwiftUI */ = {
			isa = PBXGroup;
			children = (
				EE5E64522C56749A0017912A /* combineOperators */,
				EE5E64272C56746E0017912A /* combineSwiftUIApp.swift */,
				EE5E64292C56746E0017912A /* ContentView.swift */,
				EE5E642B2C5674700017912A /* Assets.xcassets */,
				EE5E642D2C5674700017912A /* combineSwiftUI.entitlements */,
				EE5E642E2C5674700017912A /* Preview Content */,
			);
			path = combineSwiftUI;
			sourceTree = "<group>";
		};
		EE5E642E2C5674700017912A /* Preview Content */ = {
			isa = PBXGroup;
			children = (
				EE5E642F2C5674700017912A /* Preview Assets.xcassets */,
			);
			path = "Preview Content";
			sourceTree = "<group>";
		};
		EE5E64382C5674700017912A /* combineSwiftUITests */ = {
			isa = PBXGroup;
			children = (
				EE5E64392C5674700017912A /* combineSwiftUITests.swift */,
			);
			path = combineSwiftUITests;
			sourceTree = "<group>";
		};
		EE5E64422C5674700017912A /* combineSwiftUIUITests */ = {
			isa = PBXGroup;
			children = (
				EE5E64432C5674700017912A /* combineSwiftUIUITests.swift */,
				EE5E64452C5674700017912A /* combineSwiftUIUITestsLaunchTests.swift */,
			);
			path = combineSwiftUIUITests;
			sourceTree = "<group>";
		};
		EE5E64522C56749A0017912A /* combineOperators */ = {
			isa = PBXGroup;
			children = (
				EE5E64532C5674E40017912A /* Prepend.swift */,
				EE5E64552C5676630017912A /* ReplaceNil.swift */,
				EE5E64572C5677650017912A /* SwitchToLatest.swift */,
				EE5E64592C5685970017912A /* MergeWith.swift */,
				EE5E645B2C5686380017912A /* CombineLatest.swift */,
				EE5E645D2C5687280017912A /* Zip.swift */,
				EE5E645F2C5687FA0017912A /* Map.swift */,
				EE5E64612C56887B0017912A /* Collect.swift */,
				EE5E64632C56893C0017912A /* Reduce.swift */,
				EE5E64652C568A700017912A /* Debounce.swift */,
				EE5E64672C568B570017912A /* Throttle.swift */,
				EE5E64692C5697220017912A /* Scan.swift */,
				EE5E646B2C569CDD0017912A /* Filter.swift */,
				EE5E646D2C569EBB0017912A /* RemoveDuplicates.swift */,
				EE5E646F2C569F610017912A /* CompactMap.swift */,
				EE5E64712C56A3400017912A /* IgnoreOutput.swift */,
				EE5E64732C56A3E20017912A /* Sequences.swift */,
			);
			path = combineOperators;
			sourceTree = "<group>";
		};
/* End PBXGroup section */

/* Begin PBXNativeTarget section */
		EE5E64232C56746E0017912A /* combineSwiftUI */ = {
			isa = PBXNativeTarget;
			buildConfigurationList = EE5E64492C5674700017912A /* Build configuration list for PBXNativeTarget "combineSwiftUI" */;
			buildPhases = (
				EE5E64202C56746E0017912A /* Sources */,
				EE5E64212C56746E0017912A /* Frameworks */,
				EE5E64222C56746E0017912A /* Resources */,
			);
			buildRules = (
			);
			dependencies = (
			);
			name = combineSwiftUI;
			productName = combineSwiftUI;
			productReference = EE5E64242C56746E0017912A /* combineSwiftUI.app */;
			productType = "com.apple.product-type.application";
		};
		EE5E64342C5674700017912A /* combineSwiftUITests */ = {
			isa = PBXNativeTarget;
			buildConfigurationList = EE5E644C2C5674700017912A /* Build configuration list for PBXNativeTarget "combineSwiftUITests" */;
			buildPhases = (
				EE5E64312C5674700017912A /* Sources */,
				EE5E64322C5674700017912A /* Frameworks */,
				EE5E64332C5674700017912A /* Resources */,
			);
			buildRules = (
			);
			dependencies = (
				EE5E64372C5674700017912A /* PBXTargetDependency */,
			);
			name = combineSwiftUITests;
			productName = combineSwiftUITests;
			productReference = EE5E64352C5674700017912A /* combineSwiftUITests.xctest */;
			productType = "com.apple.product-type.bundle.unit-test";
		};
		EE5E643E2C5674700017912A /* combineSwiftUIUITests */ = {
			isa = PBXNativeTarget;
			buildConfigurationList = EE5E644F2C5674700017912A /* Build configuration list for PBXNativeTarget "combineSwiftUIUITests" */;
			buildPhases = (
				EE5E643B2C5674700017912A /* Sources */,
				EE5E643C2C5674700017912A /* Frameworks */,
				EE5E643D2C5674700017912A /* Resources */,
			);
			buildRules = (
			);
			dependencies = (
				EE5E64412C5674700017912A /* PBXTargetDependency */,
			);
			name = combineSwiftUIUITests;
			productName = combineSwiftUIUITests;
			productReference = EE5E643F2C5674700017912A /* combineSwiftUIUITests.xctest */;
			productType = "com.apple.product-type.bundle.ui-testing";
		};
/* End PBXNativeTarget section */

/* Begin PBXProject section */
		EE5E641C2C56746E0017912A /* Project object */ = {
			isa = PBXProject;
			attributes = {
				BuildIndependentTargetsInParallel = 1;
				LastSwiftUpdateCheck = 1540;
				LastUpgradeCheck = 1540;
				TargetAttributes = {
					EE5E64232C56746E0017912A = {
						CreatedOnToolsVersion = 15.4;
					};
					EE5E64342C5674700017912A = {
						CreatedOnToolsVersion = 15.4;
						TestTargetID = EE5E64232C56746E0017912A;
					};
					EE5E643E2C5674700017912A = {
						CreatedOnToolsVersion = 15.4;
						TestTargetID = EE5E64232C56746E0017912A;
					};
				};
			};
			buildConfigurationList = EE5E641F2C56746E0017912A /* Build configuration list for PBXProject "combineSwiftUI" */;
			compatibilityVersion = "Xcode 14.0";
			developmentRegion = en;
			hasScannedForEncodings = 0;
			knownRegions = (
				en,
				Base,
			);
			mainGroup = EE5E641B2C56746E0017912A;
			productRefGroup = EE5E64252C56746E0017912A /* Products */;
			projectDirPath = "";
			projectRoot = "";
			targets = (
				EE5E64232C56746E0017912A /* combineSwiftUI */,
				EE5E64342C5674700017912A /* combineSwiftUITests */,
				EE5E643E2C5674700017912A /* combineSwiftUIUITests */,
			);
		};
/* End PBXProject section */

/* Begin PBXResourcesBuildPhase section */
		EE5E64222C56746E0017912A /* Resources */ = {
			isa = PBXResourcesBuildPhase;
			buildActionMask = 2147483647;
			files = (
				EE5E64302C5674700017912A /* Preview Assets.xcassets in Resources */,
				EE5E642C2C5674700017912A /* Assets.xcassets in Resources */,
			);
			runOnlyForDeploymentPostprocessing = 0;
		};
		EE5E64332C5674700017912A /* Resources */ = {
			isa = PBXResourcesBuildPhase;
			buildActionMask = 2147483647;
			files = (
			);
			runOnlyForDeploymentPostprocessing = 0;
		};
		EE5E643D2C5674700017912A /* Resources */ = {
			isa = PBXResourcesBuildPhase;
			buildActionMask = 2147483647;
			files = (
			);
			runOnlyForDeploymentPostprocessing = 0;
		};
/* End PBXResourcesBuildPhase section */

/* Begin PBXSourcesBuildPhase section */
		EE5E64202C56746E0017912A /* Sources */ = {
			isa = PBXSourcesBuildPhase;
			buildActionMask = 2147483647;
			files = (
				EE5E64682C568B570017912A /* Throttle.swift in Sources */,
				EE5E646C2C569CDD0017912A /* Filter.swift in Sources */,
				EE5E64742C56A3E20017912A /* Sequences.swift in Sources */,
				EE5E64702C569F610017912A /* CompactMap.swift in Sources */,
				EE5E645A2C5685970017912A /* MergeWith.swift in Sources */,
				EE5E64642C56893C0017912A /* Reduce.swift in Sources */,
				EE5E642A2C56746E0017912A /* ContentView.swift in Sources */,
				EE5E64282C56746E0017912A /* combineSwiftUIApp.swift in Sources */,
				EE5E645C2C5686380017912A /* CombineLatest.swift in Sources */,
				EE5E64582C5677650017912A /* SwitchToLatest.swift in Sources */,
				EE5E64562C5676630017912A /* ReplaceNil.swift in Sources */,
				EE5E64622C56887B0017912A /* Collect.swift in Sources */,
				EE5E64542C5674E40017912A /* Prepend.swift in Sources */,
				EE5E64722C56A3400017912A /* IgnoreOutput.swift in Sources */,
				EE5E64602C5687FA0017912A /* Map.swift in Sources */,
				EE5E64662C568A700017912A /* Debounce.swift in Sources */,
				EE5E646E2C569EBB0017912A /* RemoveDuplicates.swift in Sources */,
				EE5E646A2C5697220017912A /* Scan.swift in Sources */,
				EE5E645E2C5687280017912A /* Zip.swift in Sources */,
			);
			runOnlyForDeploymentPostprocessing = 0;
		};
		EE5E64312C5674700017912A /* Sources */ = {
			isa = PBXSourcesBuildPhase;
			buildActionMask = 2147483647;
			files = (
				EE5E643A2C5674700017912A /* combineSwiftUITests.swift in Sources */,
			);
			runOnlyForDeploymentPostprocessing = 0;
		};
		EE5E643B2C5674700017912A /* Sources */ = {
			isa = PBXSourcesBuildPhase;
			buildActionMask = 2147483647;
			files = (
				EE5E64462C5674700017912A /* combineSwiftUIUITestsLaunchTests.swift in Sources */,
				EE5E64442C5674700017912A /* combineSwiftUIUITests.swift in Sources */,
			);
			runOnlyForDeploymentPostprocessing = 0;
		};
/* End PBXSourcesBuildPhase section */

/* Begin PBXTargetDependency section */
		EE5E64372C5674700017912A /* PBXTargetDependency */ = {
			isa = PBXTargetDependency;
			target = EE5E64232C56746E0017912A /* combineSwiftUI */;
			targetProxy = EE5E64362C5674700017912A /* PBXContainerItemProxy */;
		};
		EE5E64412C5674700017912A /* PBXTargetDependency */ = {
			isa = PBXTargetDependency;
			target = EE5E64232C56746E0017912A /* combineSwiftUI */;
			targetProxy = EE5E64402C5674700017912A /* PBXContainerItemProxy */;
		};
/* End PBXTargetDependency section */

/* Begin XCBuildConfiguration section */
		EE5E64472C5674700017912A /* Debug */ = {
			isa = XCBuildConfiguration;
			buildSettings = {
				ALWAYS_SEARCH_USER_PATHS = NO;
				ASSETCATALOG_COMPILER_GENERATE_SWIFT_ASSET_SYMBOL_EXTENSIONS = YES;
				CLANG_ANALYZER_NONNULL = YES;
				CLANG_ANALYZER_NUMBER_OBJECT_CONVERSION = YES_AGGRESSIVE;
				CLANG_CXX_LANGUAGE_STANDARD = "gnu++20";
				CLANG_ENABLE_MODULES = YES;
				CLANG_ENABLE_OBJC_ARC = YES;
				CLANG_ENABLE_OBJC_WEAK = YES;
				CLANG_WARN_BLOCK_CAPTURE_AUTORELEASING = YES;
				CLANG_WARN_BOOL_CONVERSION = YES;
				CLANG_WARN_COMMA = YES;
				CLANG_WARN_CONSTANT_CONVERSION = YES;
				CLANG_WARN_DEPRECATED_OBJC_IMPLEMENTATIONS = YES;
				CLANG_WARN_DIRECT_OBJC_ISA_USAGE = YES_ERROR;
				CLANG_WARN_DOCUMENTATION_COMMENTS = YES;
				CLANG_WARN_EMPTY_BODY = YES;
				CLANG_WARN_ENUM_CONVERSION = YES;
				CLANG_WARN_INFINITE_RECURSION = YES;
				CLANG_WARN_INT_CONVERSION = YES;
				CLANG_WARN_NON_LITERAL_NULL_CONVERSION = YES;
				CLANG_WARN_OBJC_IMPLICIT_RETAIN_SELF = YES;
				CLANG_WARN_OBJC_LITERAL_CONVERSION = YES;
				CLANG_WARN_OBJC_ROOT_CLASS = YES_ERROR;
				CLANG_WARN_QUOTED_INCLUDE_IN_FRAMEWORK_HEADER = YES;
				CLANG_WARN_RANGE_LOOP_ANALYSIS = YES;
				CLANG_WARN_STRICT_PROTOTYPES = YES;
				CLANG_WARN_SUSPICIOUS_MOVE = YES;
				CLANG_WARN_UNGUARDED_AVAILABILITY = YES_AGGRESSIVE;
				CLANG_WARN_UNREACHABLE_CODE = YES;
				CLANG_WARN__DUPLICATE_METHOD_MATCH = YES;
				COPY_PHASE_STRIP = NO;
				DEBUG_INFORMATION_FORMAT = dwarf;
				ENABLE_STRICT_OBJC_MSGSEND = YES;
				ENABLE_TESTABILITY = YES;
				ENABLE_USER_SCRIPT_SANDBOXING = YES;
				GCC_C_LANGUAGE_STANDARD = gnu17;
				GCC_DYNAMIC_NO_PIC = NO;
				GCC_NO_COMMON_BLOCKS = YES;
				GCC_OPTIMIZATION_LEVEL = 0;
				GCC_PREPROCESSOR_DEFINITIONS = (
					"DEBUG=1",
					"$(inherited)",
				);
				GCC_WARN_64_TO_32_BIT_CONVERSION = YES;
				GCC_WARN_ABOUT_RETURN_TYPE = YES_ERROR;
				GCC_WARN_UNDECLARED_SELECTOR = YES;
				GCC_WARN_UNINITIALIZED_AUTOS = YES_AGGRESSIVE;
				GCC_WARN_UNUSED_FUNCTION = YES;
				GCC_WARN_UNUSED_VARIABLE = YES;
				LOCALIZATION_PREFERS_STRING_CATALOGS = YES;
				MTL_ENABLE_DEBUG_INFO = INCLUDE_SOURCE;
				MTL_FAST_MATH = YES;
				ONLY_ACTIVE_ARCH = YES;
				SWIFT_ACTIVE_COMPILATION_CONDITIONS = "DEBUG $(inherited)";
				SWIFT_OPTIMIZATION_LEVEL = "-Onone";
			};
			name = Debug;
		};
		EE5E64482C5674700017912A /* Release */ = {
			isa = XCBuildConfiguration;
			buildSettings = {
				ALWAYS_SEARCH_USER_PATHS = NO;
				ASSETCATALOG_COMPILER_GENERATE_SWIFT_ASSET_SYMBOL_EXTENSIONS = YES;
				CLANG_ANALYZER_NONNULL = YES;
				CLANG_ANALYZER_NUMBER_OBJECT_CONVERSION = YES_AGGRESSIVE;
				CLANG_CXX_LANGUAGE_STANDARD = "gnu++20";
				CLANG_ENABLE_MODULES = YES;
				CLANG_ENABLE_OBJC_ARC = YES;
				CLANG_ENABLE_OBJC_WEAK = YES;
				CLANG_WARN_BLOCK_CAPTURE_AUTORELEASING = YES;
				CLANG_WARN_BOOL_CONVERSION = YES;
				CLANG_WARN_COMMA = YES;
				CLANG_WARN_CONSTANT_CONVERSION = YES;
				CLANG_WARN_DEPRECATED_OBJC_IMPLEMENTATIONS = YES;
				CLANG_WARN_DIRECT_OBJC_ISA_USAGE = YES_ERROR;
				CLANG_WARN_DOCUMENTATION_COMMENTS = YES;
				CLANG_WARN_EMPTY_BODY = YES;
				CLANG_WARN_ENUM_CONVERSION = YES;
				CLANG_WARN_INFINITE_RECURSION = YES;
				CLANG_WARN_INT_CONVERSION = YES;
				CLANG_WARN_NON_LITERAL_NULL_CONVERSION = YES;
				CLANG_WARN_OBJC_IMPLICIT_RETAIN_SELF = YES;
				CLANG_WARN_OBJC_LITERAL_CONVERSION = YES;
				CLANG_WARN_OBJC_ROOT_CLASS = YES_ERROR;
				CLANG_WARN_QUOTED_INCLUDE_IN_FRAMEWORK_HEADER = YES;
				CLANG_WARN_RANGE_LOOP_ANALYSIS = YES;
				CLANG_WARN_STRICT_PROTOTYPES = YES;
				CLANG_WARN_SUSPICIOUS_MOVE = YES;
				CLANG_WARN_UNGUARDED_AVAILABILITY = YES_AGGRESSIVE;
				CLANG_WARN_UNREACHABLE_CODE = YES;
				CLANG_WARN__DUPLICATE_METHOD_MATCH = YES;
				COPY_PHASE_STRIP = NO;
				DEBUG_INFORMATION_FORMAT = "dwarf-with-dsym";
				ENABLE_NS_ASSERTIONS = NO;
				ENABLE_STRICT_OBJC_MSGSEND = YES;
				ENABLE_USER_SCRIPT_SANDBOXING = YES;
				GCC_C_LANGUAGE_STANDARD = gnu17;
				GCC_NO_COMMON_BLOCKS = YES;
				GCC_WARN_64_TO_32_BIT_CONVERSION = YES;
				GCC_WARN_ABOUT_RETURN_TYPE = YES_ERROR;
				GCC_WARN_UNDECLARED_SELECTOR = YES;
				GCC_WARN_UNINITIALIZED_AUTOS = YES_AGGRESSIVE;
				GCC_WARN_UNUSED_FUNCTION = YES;
				GCC_WARN_UNUSED_VARIABLE = YES;
				LOCALIZATION_PREFERS_STRING_CATALOGS = YES;
				MTL_ENABLE_DEBUG_INFO = NO;
				MTL_FAST_MATH = YES;
				SWIFT_COMPILATION_MODE = wholemodule;
			};
			name = Release;
		};
		EE5E644A2C5674700017912A /* Debug */ = {
			isa = XCBuildConfiguration;
			buildSettings = {
				ASSETCATALOG_COMPILER_APPICON_NAME = AppIcon;
				ASSETCATALOG_COMPILER_GLOBAL_ACCENT_COLOR_NAME = AccentColor;
				CODE_SIGN_ENTITLEMENTS = combineSwiftUI/combineSwiftUI.entitlements;
				CODE_SIGN_STYLE = Automatic;
				CURRENT_PROJECT_VERSION = 1;
				DEVELOPMENT_ASSET_PATHS = "\"combineSwiftUI/Preview Content\"";
				ENABLE_PREVIEWS = YES;
				GENERATE_INFOPLIST_FILE = YES;
				"INFOPLIST_KEY_UIApplicationSceneManifest_Generation[sdk=iphoneos*]" = YES;
				"INFOPLIST_KEY_UIApplicationSceneManifest_Generation[sdk=iphonesimulator*]" = YES;
				"INFOPLIST_KEY_UIApplicationSupportsIndirectInputEvents[sdk=iphoneos*]" = YES;
				"INFOPLIST_KEY_UIApplicationSupportsIndirectInputEvents[sdk=iphonesimulator*]" = YES;
				"INFOPLIST_KEY_UILaunchScreen_Generation[sdk=iphoneos*]" = YES;
				"INFOPLIST_KEY_UILaunchScreen_Generation[sdk=iphonesimulator*]" = YES;
				"INFOPLIST_KEY_UIStatusBarStyle[sdk=iphoneos*]" = UIStatusBarStyleDefault;
				"INFOPLIST_KEY_UIStatusBarStyle[sdk=iphonesimulator*]" = UIStatusBarStyleDefault;
				INFOPLIST_KEY_UISupportedInterfaceOrientations_iPad = "UIInterfaceOrientationPortrait UIInterfaceOrientationPortraitUpsideDown UIInterfaceOrientationLandscapeLeft UIInterfaceOrientationLandscapeRight";
				INFOPLIST_KEY_UISupportedInterfaceOrientations_iPhone = "UIInterfaceOrientationPortrait UIInterfaceOrientationLandscapeLeft UIInterfaceOrientationLandscapeRight";
				IPHONEOS_DEPLOYMENT_TARGET = 17.5;
				LD_RUNPATH_SEARCH_PATHS = "@executable_path/Frameworks";
				"LD_RUNPATH_SEARCH_PATHS[sdk=macosx*]" = "@executable_path/../Frameworks";
				MACOSX_DEPLOYMENT_TARGET = 14.5;
				MARKETING_VERSION = 1.0;
				PRODUCT_BUNDLE_IDENTIFIER = tm.combineSwiftUI;
				PRODUCT_NAME = "$(TARGET_NAME)";
				SDKROOT = auto;
				SUPPORTED_PLATFORMS = "iphoneos iphonesimulator macosx";
				SWIFT_EMIT_LOC_STRINGS = YES;
				SWIFT_VERSION = 5.0;
				TARGETED_DEVICE_FAMILY = "1,2";
			};
			name = Debug;
		};
		EE5E644B2C5674700017912A /* Release */ = {
			isa = XCBuildConfiguration;
			buildSettings = {
				ASSETCATALOG_COMPILER_APPICON_NAME = AppIcon;
				ASSETCATALOG_COMPILER_GLOBAL_ACCENT_COLOR_NAME = AccentColor;
				CODE_SIGN_ENTITLEMENTS = combineSwiftUI/combineSwiftUI.entitlements;
				CODE_SIGN_STYLE = Automatic;
				CURRENT_PROJECT_VERSION = 1;
				DEVELOPMENT_ASSET_PATHS = "\"combineSwiftUI/Preview Content\"";
				ENABLE_PREVIEWS = YES;
				GENERATE_INFOPLIST_FILE = YES;
				"INFOPLIST_KEY_UIApplicationSceneManifest_Generation[sdk=iphoneos*]" = YES;
				"INFOPLIST_KEY_UIApplicationSceneManifest_Generation[sdk=iphonesimulator*]" = YES;
				"INFOPLIST_KEY_UIApplicationSupportsIndirectInputEvents[sdk=iphoneos*]" = YES;
				"INFOPLIST_KEY_UIApplicationSupportsIndirectInputEvents[sdk=iphonesimulator*]" = YES;
				"INFOPLIST_KEY_UILaunchScreen_Generation[sdk=iphoneos*]" = YES;
				"INFOPLIST_KEY_UILaunchScreen_Generation[sdk=iphonesimulator*]" = YES;
				"INFOPLIST_KEY_UIStatusBarStyle[sdk=iphoneos*]" = UIStatusBarStyleDefault;
				"INFOPLIST_KEY_UIStatusBarStyle[sdk=iphonesimulator*]" = UIStatusBarStyleDefault;
				INFOPLIST_KEY_UISupportedInterfaceOrientations_iPad = "UIInterfaceOrientationPortrait UIInterfaceOrientationPortraitUpsideDown UIInterfaceOrientationLandscapeLeft UIInterfaceOrientationLandscapeRight";
				INFOPLIST_KEY_UISupportedInterfaceOrientations_iPhone = "UIInterfaceOrientationPortrait UIInterfaceOrientationLandscapeLeft UIInterfaceOrientationLandscapeRight";
				IPHONEOS_DEPLOYMENT_TARGET = 17.5;
				LD_RUNPATH_SEARCH_PATHS = "@executable_path/Frameworks";
				"LD_RUNPATH_SEARCH_PATHS[sdk=macosx*]" = "@executable_path/../Frameworks";
				MACOSX_DEPLOYMENT_TARGET = 14.5;
				MARKETING_VERSION = 1.0;
				PRODUCT_BUNDLE_IDENTIFIER = tm.combineSwiftUI;
				PRODUCT_NAME = "$(TARGET_NAME)";
				SDKROOT = auto;
				SUPPORTED_PLATFORMS = "iphoneos iphonesimulator macosx";
				SWIFT_EMIT_LOC_STRINGS = YES;
				SWIFT_VERSION = 5.0;
				TARGETED_DEVICE_FAMILY = "1,2";
			};
			name = Release;
		};
		EE5E644D2C5674700017912A /* Debug */ = {
			isa = XCBuildConfiguration;
			buildSettings = {
				ALWAYS_EMBED_SWIFT_STANDARD_LIBRARIES = YES;
				BUNDLE_LOADER = "$(TEST_HOST)";
				CODE_SIGN_STYLE = Automatic;
				CURRENT_PROJECT_VERSION = 1;
				GENERATE_INFOPLIST_FILE = YES;
				IPHONEOS_DEPLOYMENT_TARGET = 17.5;
				MACOSX_DEPLOYMENT_TARGET = 14.5;
				MARKETING_VERSION = 1.0;
				PRODUCT_BUNDLE_IDENTIFIER = tm.combineSwiftUITests;
				PRODUCT_NAME = "$(TARGET_NAME)";
				SDKROOT = auto;
				SUPPORTED_PLATFORMS = "iphoneos iphonesimulator macosx";
				SWIFT_EMIT_LOC_STRINGS = NO;
				SWIFT_VERSION = 5.0;
				TARGETED_DEVICE_FAMILY = "1,2";
				TEST_HOST = "$(BUILT_PRODUCTS_DIR)/combineSwiftUI.app/$(BUNDLE_EXECUTABLE_FOLDER_PATH)/combineSwiftUI";
			};
			name = Debug;
		};
		EE5E644E2C5674700017912A /* Release */ = {
			isa = XCBuildConfiguration;
			buildSettings = {
				ALWAYS_EMBED_SWIFT_STANDARD_LIBRARIES = YES;
				BUNDLE_LOADER = "$(TEST_HOST)";
				CODE_SIGN_STYLE = Automatic;
				CURRENT_PROJECT_VERSION = 1;
				GENERATE_INFOPLIST_FILE = YES;
				IPHONEOS_DEPLOYMENT_TARGET = 17.5;
				MACOSX_DEPLOYMENT_TARGET = 14.5;
				MARKETING_VERSION = 1.0;
				PRODUCT_BUNDLE_IDENTIFIER = tm.combineSwiftUITests;
				PRODUCT_NAME = "$(TARGET_NAME)";
				SDKROOT = auto;
				SUPPORTED_PLATFORMS = "iphoneos iphonesimulator macosx";
				SWIFT_EMIT_LOC_STRINGS = NO;
				SWIFT_VERSION = 5.0;
				TARGETED_DEVICE_FAMILY = "1,2";
				TEST_HOST = "$(BUILT_PRODUCTS_DIR)/combineSwiftUI.app/$(BUNDLE_EXECUTABLE_FOLDER_PATH)/combineSwiftUI";
			};
			name = Release;
		};
		EE5E64502C5674700017912A /* Debug */ = {
			isa = XCBuildConfiguration;
			buildSettings = {
				ALWAYS_EMBED_SWIFT_STANDARD_LIBRARIES = YES;
				CODE_SIGN_STYLE = Automatic;
				CURRENT_PROJECT_VERSION = 1;
				GENERATE_INFOPLIST_FILE = YES;
				IPHONEOS_DEPLOYMENT_TARGET = 17.5;
				MACOSX_DEPLOYMENT_TARGET = 14.5;
				MARKETING_VERSION = 1.0;
				PRODUCT_BUNDLE_IDENTIFIER = tm.combineSwiftUIUITests;
				PRODUCT_NAME = "$(TARGET_NAME)";
				SDKROOT = auto;
				SUPPORTED_PLATFORMS = "iphoneos iphonesimulator macosx";
				SWIFT_EMIT_LOC_STRINGS = NO;
				SWIFT_VERSION = 5.0;
				TARGETED_DEVICE_FAMILY = "1,2";
				TEST_TARGET_NAME = combineSwiftUI;
			};
			name = Debug;
		};
		EE5E64512C5674700017912A /* Release */ = {
			isa = XCBuildConfiguration;
			buildSettings = {
				ALWAYS_EMBED_SWIFT_STANDARD_LIBRARIES = YES;
				CODE_SIGN_STYLE = Automatic;
				CURRENT_PROJECT_VERSION = 1;
				GENERATE_INFOPLIST_FILE = YES;
				IPHONEOS_DEPLOYMENT_TARGET = 17.5;
				MACOSX_DEPLOYMENT_TARGET = 14.5;
				MARKETING_VERSION = 1.0;
				PRODUCT_BUNDLE_IDENTIFIER = tm.combineSwiftUIUITests;
				PRODUCT_NAME = "$(TARGET_NAME)";
				SDKROOT = auto;
				SUPPORTED_PLATFORMS = "iphoneos iphonesimulator macosx";
				SWIFT_EMIT_LOC_STRINGS = NO;
				SWIFT_VERSION = 5.0;
				TARGETED_DEVICE_FAMILY = "1,2";
				TEST_TARGET_NAME = combineSwiftUI;
			};
			name = Release;
		};
/* End XCBuildConfiguration section */

/* Begin XCConfigurationList section */
		EE5E641F2C56746E0017912A /* Build configuration list for PBXProject "combineSwiftUI" */ = {
			isa = XCConfigurationList;
			buildConfigurations = (
				EE5E64472C5674700017912A /* Debug */,
				EE5E64482C5674700017912A /* Release */,
			);
			defaultConfigurationIsVisible = 0;
			defaultConfigurationName = Release;
		};
		EE5E64492C5674700017912A /* Build configuration list for PBXNativeTarget "combineSwiftUI" */ = {
			isa = XCConfigurationList;
			buildConfigurations = (
				EE5E644A2C5674700017912A /* Debug */,
				EE5E644B2C5674700017912A /* Release */,
			);
			defaultConfigurationIsVisible = 0;
			defaultConfigurationName = Release;
		};
		EE5E644C2C5674700017912A /* Build configuration list for PBXNativeTarget "combineSwiftUITests" */ = {
			isa = XCConfigurationList;
			buildConfigurations = (
				EE5E644D2C5674700017912A /* Debug */,
				EE5E644E2C5674700017912A /* Release */,
			);
			defaultConfigurationIsVisible = 0;
			defaultConfigurationName = Release;
		};
		EE5E644F2C5674700017912A /* Build configuration list for PBXNativeTarget "combineSwiftUIUITests" */ = {
			isa = XCConfigurationList;
			buildConfigurations = (
				EE5E64502C5674700017912A /* Debug */,
				EE5E64512C5674700017912A /* Release */,
			);
			defaultConfigurationIsVisible = 0;
			defaultConfigurationName = Release;
		};
/* End XCConfigurationList section */
	};
	rootObject = EE5E641C2C56746E0017912A /* Project object */;
}
